
Microsoft Visual Studio Solution File, Format Version 12.00
# Visual Studio Version 17
VisualStudioVersion = 17.1.32210.238
MinimumVisualStudioVersion = 10.0.40219.1
Project("{FAE04EC0-301F-11D3-BF4B-00C04F79EFBC}") = "ASP_OPTION4", "ASP_OPTION4\ASP_OPTION4.csproj", "{3B7EF8C9-7228-4BB3-BF86-4A1BBD479970}"
EndProject
Global
	GlobalSection(SolutionConfigurationPlatforms) = preSolution
		Debug|Any CPU = Debug|Any CPU
		Release|Any CPU = Release|Any CPU
	EndGlobalSection
	GlobalSection(ProjectConfigurationPlatforms) = postSolution
		{3B7EF8C9-7228-4BB3-BF86-4A1BBD479970}.Debug|Any CPU.ActiveCfg = Debug|Any CPU
		{3B7EF8C9-7228-4BB3-BF86-4A1BBD479970}.Debug|Any CPU.Build.0 = Debug|Any CPU
		{3B7EF8C9-7228-4BB3-BF86-4A1BBD479970}.Release|Any CPU.ActiveCfg = Release|Any CPU
		{3B7EF8C9-7228-4BB3-BF86-4A1BBD479970}.Release|Any CPU.Build.0 = Release|Any CPU
	EndGlobalSection
	GlobalSection(SolutionProperties) = preSolution
		HideSolutionNode = FALSE
	EndGlobalSection
	GlobalSection(ExtensibilityGlobals) = postSolution
		SolutionGuid = {0A05DA11-4EBD-4AAD-8AD7-B1DA5C3E7447}
	EndGlobalSection
EndGlobal
